
Microsoft Visual Studio Solution File, Format Version 12.00
# Visual Studio 2012
Project("{8BC9CEB8-8B4A-11D0-8D11-00A0C91BC942}") = "DataStructuresProject", "DataStructuresProject\DataStructuresProject.vcxproj", "{EE982A66-DADC-4941-8143-39B8BE45176D}"
EndProject
Global
	GlobalSection(SolutionConfigurationPlatforms) = preSolution
		Debug|Win32 = Debug|Win32
		Release|Win32 = Release|Win32
	EndGlobalSection
	GlobalSection(ProjectConfigurationPlatforms) = postSolution
		{EE982A66-DADC-4941-8143-39B8BE45176D}.Debug|Win32.ActiveCfg = Debug|Win32
		{EE982A66-DADC-4941-8143-39B8BE45176D}.Debug|Win32.Build.0 = Debug|Win32
		{EE982A66-DADC-4941-8143-39B8BE45176D}.Release|Win32.ActiveCfg = Release|Win32
		{EE982A66-DADC-4941-8143-39B8BE45176D}.Release|Win32.Build.0 = Release|Win32
	EndGlobalSection
	GlobalSection(SolutionProperties) = preSolution
		HideSolutionNode = FALSE
	EndGlobalSection
EndGlobal
